
Microsoft Visual Studio Solution File, Format Version 12.00
# Visual Studio Version 16
VisualStudioVersion = 16.0.30114.105
MinimumVisualStudioVersion = 10.0.40219.1
Project("{FAE04EC0-301F-11D3-BF4B-00C04F79EFBC}") = "Nt.Core", "Nt.Core\Nt.Core.csproj", "{3A644626-5B81-4EE5-9D67-6B77D5BA4940}"
EndProject
Project("{FAE04EC0-301F-11D3-BF4B-00C04F79EFBC}") = "Nt.Console", "Nt.Console\Nt.Console.csproj", "{B1E2972B-D95F-4367-988D-49BFADFC0787}"
EndProject
Global
	GlobalSection(SolutionConfigurationPlatforms) = preSolution
		Debug|Any CPU = Debug|Any CPU
		Release|Any CPU = Release|Any CPU
	EndGlobalSection
	GlobalSection(SolutionProperties) = preSolution
		HideSolutionNode = FALSE
	EndGlobalSection
	GlobalSection(ProjectConfigurationPlatforms) = postSolution
		{3A644626-5B81-4EE5-9D67-6B77D5BA4940}.Debug|Any CPU.ActiveCfg = Debug|Any CPU
		{3A644626-5B81-4EE5-9D67-6B77D5BA4940}.Debug|Any CPU.Build.0 = Debug|Any CPU
		{3A644626-5B81-4EE5-9D67-6B77D5BA4940}.Release|Any CPU.ActiveCfg = Debug|Any CPU
		{3A644626-5B81-4EE5-9D67-6B77D5BA4940}.Release|Any CPU.Build.0 = Debug|Any CPU
		{B1E2972B-D95F-4367-988D-49BFADFC0787}.Debug|Any CPU.ActiveCfg = Debug|Any CPU
		{B1E2972B-D95F-4367-988D-49BFADFC0787}.Debug|Any CPU.Build.0 = Debug|Any CPU
		{B1E2972B-D95F-4367-988D-49BFADFC0787}.Release|Any CPU.ActiveCfg = Debug|Any CPU
		{B1E2972B-D95F-4367-988D-49BFADFC0787}.Release|Any CPU.Build.0 = Debug|Any CPU
	EndGlobalSection
EndGlobal
